
Microsoft Visual Studio Solution File, Format Version 12.00
# Visual Studio 2012
Project("{888888A0-9F3D-457C-B088-3A5042F75D52}") = "SpreadsTrading", "SpreadsTrading\SpreadsTrading.pyproj", "{5E5A01A4-E5D0-4F02-95C7-8F9BDDFC4471}"
EndProject
Project("{888888A0-9F3D-457C-B088-3A5042F75D52}") = "Common", "Common\Common.pyproj", "{012D2FC2-BED3-444C-A42A-11560A691133}"
EndProject
Global
	GlobalSection(SolutionConfigurationPlatforms) = preSolution
		Debug|Any CPU = Debug|Any CPU
		Release|Any CPU = Release|Any CPU
	EndGlobalSection
	GlobalSection(ProjectConfigurationPlatforms) = postSolution
		{5E5A01A4-E5D0-4F02-95C7-8F9BDDFC4471}.Debug|Any CPU.ActiveCfg = Debug|Any CPU
		{5E5A01A4-E5D0-4F02-95C7-8F9BDDFC4471}.Debug|Any CPU.Build.0 = Debug|Any CPU
		{5E5A01A4-E5D0-4F02-95C7-8F9BDDFC4471}.Release|Any CPU.ActiveCfg = Release|Any CPU
		{5E5A01A4-E5D0-4F02-95C7-8F9BDDFC4471}.Release|Any CPU.Build.0 = Release|Any CPU
		{012D2FC2-BED3-444C-A42A-11560A691133}.Debug|Any CPU.ActiveCfg = Debug|Any CPU
		{012D2FC2-BED3-444C-A42A-11560A691133}.Debug|Any CPU.Build.0 = Debug|Any CPU
		{012D2FC2-BED3-444C-A42A-11560A691133}.Release|Any CPU.ActiveCfg = Release|Any CPU
		{012D2FC2-BED3-444C-A42A-11560A691133}.Release|Any CPU.Build.0 = Release|Any CPU
	EndGlobalSection
	GlobalSection(SolutionProperties) = preSolution
		HideSolutionNode = FALSE
	EndGlobalSection
EndGlobal
